
Microsoft Visual Studio Solution File, Format Version 12.00
# Visual Studio Version 16
VisualStudioVersion = 16.0.30804.86
MinimumVisualStudioVersion = 10.0.40219.1
Project("{FAE04EC0-301F-11D3-BF4B-00C04F79EFBC}") = "task1", "task1\task1.csproj", "{04F83FB9-4472-494F-AA38-2601119EADC7}"
EndProject
Project("{FAE04EC0-301F-11D3-BF4B-00C04F79EFBC}") = "task2", "task2\task2.csproj", "{E61FE6B2-6E74-429F-AE12-32FD2B42E1C3}"
EndProject
Project("{FAE04EC0-301F-11D3-BF4B-00C04F79EFBC}") = "task3", "task3\task3.csproj", "{0608FAA9-DE8E-425D-AEE2-EEF368F0BC71}"
EndProject
Project("{FAE04EC0-301F-11D3-BF4B-00C04F79EFBC}") = "task4", "task4\task4.csproj", "{32ED5276-DDAA-44B0-96BA-046CCED4DAAB}"
EndProject
Global
	GlobalSection(SolutionConfigurationPlatforms) = preSolution
		Debug|Any CPU = Debug|Any CPU
		Release|Any CPU = Release|Any CPU
	EndGlobalSection
	GlobalSection(ProjectConfigurationPlatforms) = postSolution
		{04F83FB9-4472-494F-AA38-2601119EADC7}.Debug|Any CPU.ActiveCfg = Debug|Any CPU
		{04F83FB9-4472-494F-AA38-2601119EADC7}.Debug|Any CPU.Build.0 = Debug|Any CPU
		{04F83FB9-4472-494F-AA38-2601119EADC7}.Release|Any CPU.ActiveCfg = Release|Any CPU
		{04F83FB9-4472-494F-AA38-2601119EADC7}.Release|Any CPU.Build.0 = Release|Any CPU
		{E61FE6B2-6E74-429F-AE12-32FD2B42E1C3}.Debug|Any CPU.ActiveCfg = Debug|Any CPU
		{E61FE6B2-6E74-429F-AE12-32FD2B42E1C3}.Debug|Any CPU.Build.0 = Debug|Any CPU
		{E61FE6B2-6E74-429F-AE12-32FD2B42E1C3}.Release|Any CPU.ActiveCfg = Release|Any CPU
		{E61FE6B2-6E74-429F-AE12-32FD2B42E1C3}.Release|Any CPU.Build.0 = Release|Any CPU
		{0608FAA9-DE8E-425D-AEE2-EEF368F0BC71}.Debug|Any CPU.ActiveCfg = Debug|Any CPU
		{0608FAA9-DE8E-425D-AEE2-EEF368F0BC71}.Debug|Any CPU.Build.0 = Debug|Any CPU
		{0608FAA9-DE8E-425D-AEE2-EEF368F0BC71}.Release|Any CPU.ActiveCfg = Release|Any CPU
		{0608FAA9-DE8E-425D-AEE2-EEF368F0BC71}.Release|Any CPU.Build.0 = Release|Any CPU
		{32ED5276-DDAA-44B0-96BA-046CCED4DAAB}.Debug|Any CPU.ActiveCfg = Debug|Any CPU
		{32ED5276-DDAA-44B0-96BA-046CCED4DAAB}.Debug|Any CPU.Build.0 = Debug|Any CPU
		{32ED5276-DDAA-44B0-96BA-046CCED4DAAB}.Release|Any CPU.ActiveCfg = Release|Any CPU
		{32ED5276-DDAA-44B0-96BA-046CCED4DAAB}.Release|Any CPU.Build.0 = Release|Any CPU
	EndGlobalSection
	GlobalSection(SolutionProperties) = preSolution
		HideSolutionNode = FALSE
	EndGlobalSection
	GlobalSection(ExtensibilityGlobals) = postSolution
		SolutionGuid = {868802ED-1404-4927-8779-E9255810E928}
	EndGlobalSection
EndGlobal
