
Microsoft Visual Studio Solution File, Format Version 12.00
# Visual Studio Version 16
VisualStudioVersion = 16.0.30804.86
MinimumVisualStudioVersion = 10.0.40219.1
Project("{FAE04EC0-301F-11D3-BF4B-00C04F79EFBC}") = "task1", "task1\task1.csproj", "{A1F95B30-3327-4A6E-B4EE-3A92252425E8}"
EndProject
Project("{FAE04EC0-301F-11D3-BF4B-00C04F79EFBC}") = "task2-3", "task2-3\task2-3.csproj", "{A123A091-AD9B-4D09-8015-D888122A6743}"
EndProject
Global
	GlobalSection(SolutionConfigurationPlatforms) = preSolution
		Debug|Any CPU = Debug|Any CPU
		Release|Any CPU = Release|Any CPU
	EndGlobalSection
	GlobalSection(ProjectConfigurationPlatforms) = postSolution
		{A1F95B30-3327-4A6E-B4EE-3A92252425E8}.Debug|Any CPU.ActiveCfg = Debug|Any CPU
		{A1F95B30-3327-4A6E-B4EE-3A92252425E8}.Debug|Any CPU.Build.0 = Debug|Any CPU
		{A1F95B30-3327-4A6E-B4EE-3A92252425E8}.Release|Any CPU.ActiveCfg = Release|Any CPU
		{A1F95B30-3327-4A6E-B4EE-3A92252425E8}.Release|Any CPU.Build.0 = Release|Any CPU
		{A123A091-AD9B-4D09-8015-D888122A6743}.Debug|Any CPU.ActiveCfg = Debug|Any CPU
		{A123A091-AD9B-4D09-8015-D888122A6743}.Debug|Any CPU.Build.0 = Debug|Any CPU
		{A123A091-AD9B-4D09-8015-D888122A6743}.Release|Any CPU.ActiveCfg = Release|Any CPU
		{A123A091-AD9B-4D09-8015-D888122A6743}.Release|Any CPU.Build.0 = Release|Any CPU
	EndGlobalSection
	GlobalSection(SolutionProperties) = preSolution
		HideSolutionNode = FALSE
	EndGlobalSection
	GlobalSection(ExtensibilityGlobals) = postSolution
		SolutionGuid = {F9B702F4-36C3-4931-8E16-F6D38BB48403}
	EndGlobalSection
EndGlobal
